
Microsoft Visual Studio Solution File, Format Version 12.00
# Visual Studio 15
VisualStudioVersion = 15.0.27703.2042
MinimumVisualStudioVersion = 10.0.40219.1
Project("{FAE04EC0-301F-11D3-BF4B-00C04F79EFBC}") = "BinarSTree", "BinarSTree\BinarSTree.csproj", "{C0253C29-16D1-49A8-A4BC-1CC4D7A67CCC}"
EndProject
Global
	GlobalSection(SolutionConfigurationPlatforms) = preSolution
		Debug|Any CPU = Debug|Any CPU
		Release|Any CPU = Release|Any CPU
	EndGlobalSection
	GlobalSection(ProjectConfigurationPlatforms) = postSolution
		{C0253C29-16D1-49A8-A4BC-1CC4D7A67CCC}.Debug|Any CPU.ActiveCfg = Debug|Any CPU
		{C0253C29-16D1-49A8-A4BC-1CC4D7A67CCC}.Debug|Any CPU.Build.0 = Debug|Any CPU
		{C0253C29-16D1-49A8-A4BC-1CC4D7A67CCC}.Release|Any CPU.ActiveCfg = Release|Any CPU
		{C0253C29-16D1-49A8-A4BC-1CC4D7A67CCC}.Release|Any CPU.Build.0 = Release|Any CPU
	EndGlobalSection
	GlobalSection(SolutionProperties) = preSolution
		HideSolutionNode = FALSE
	EndGlobalSection
	GlobalSection(ExtensibilityGlobals) = postSolution
		SolutionGuid = {FEFB4102-6782-496B-9BCA-D1B08D6C7FB7}
	EndGlobalSection
EndGlobal
